# THIS IS AN AUTOGENERATED FILE. DO NOT EDIT THIS FILE DIRECTLY.
# yarn lockfile v1


"@babel/parser@^7.15.0":
  version "7.15.8"
  resolved "https://registry.yarnpkg.com/@babel/parser/-/parser-7.15.8.tgz#7bacdcbe71bdc3ff936d510c15dcea7cf0b99016"
  integrity sha512-BRYa3wcQnjS/nqI8Ac94pYYpJfojHVvVXJ97+IDCImX4Jc8W8Xv1+47enbruk+q1etOpsQNwnfFcNGw+gtPGxA==

"@ethersproject/bignumber@^5.4.0":
  version "5.4.2"
  resolved "https://registry.yarnpkg.com/@ethersproject/bignumber/-/bignumber-5.4.2.tgz#44232e015ae4ce82ac034de549eb3583c71283d8"
  integrity sha512-oIBDhsKy5bs7j36JlaTzFgNPaZjiNDOXsdSgSpXRucUl+UA6L/1YLlFeI3cPAoodcenzF4nxNPV13pcy7XbWjA==
  dependencies:
    "@ethersproject/bytes" "^5.4.0"
    "@ethersproject/logger" "^5.4.0"
    bn.js "^4.11.9"

"@ethersproject/bytes@^5.0.0-beta.126", "@ethersproject/bytes@^5.4.0":
  version "5.4.0"
  resolved "https://registry.yarnpkg.com/@ethersproject/bytes/-/bytes-5.4.0.tgz#56fa32ce3bf67153756dbaefda921d1d4774404e"
  integrity sha512-H60ceqgTHbhzOj4uRc/83SCN9d+BSUnOkrr2intevqdtEMO1JFVZ1XL84OEZV+QjV36OaZYxtnt4lGmxcGsPfA==
  dependencies:
    "@ethersproject/logger" "^5.4.0"

"@ethersproject/constants@^5.4.0":
  version "5.4.0"
  resolved "https://registry.yarnpkg.com/@ethersproject/constants/-/constants-5.4.0.tgz#ee0bdcb30bf1b532d2353c977bf2ef1ee117958a"
  integrity sha512-tzjn6S7sj9+DIIeKTJLjK9WGN2Tj0P++Z8ONEIlZjyoTkBuODN+0VfhAyYksKi43l1Sx9tX2VlFfzjfmr5Wl3Q==
  dependencies:
    "@ethersproject/bignumber" "^5.4.0"

"@ethersproject/logger@^5.4.0":
  version "5.4.1"
  resolved "https://registry.yarnpkg.com/@ethersproject/logger/-/logger-5.4.1.tgz#503bd33683538b923c578c07d1c2c0dd18672054"
  integrity sha512-DZ+bRinnYLPw1yAC64oRl0QyVZj43QeHIhVKfD/+YwSz4wsv1pfwb5SOFjz+r710YEWzU6LrhuSjpSO+6PeE4A==

"@ethersproject/strings@^5.0.0-beta.125":
  version "5.4.0"
  resolved "https://registry.yarnpkg.com/@ethersproject/strings/-/strings-5.4.0.tgz#fb12270132dd84b02906a8d895ae7e7fa3d07d9a"
  integrity sha512-k/9DkH5UGDhv7aReXLluFG5ExurwtIpUfnDNhQA29w896Dw3i4uDTz01Quaptbks1Uj9kI8wo9tmW73wcIEaWA==
  dependencies:
    "@ethersproject/bytes" "^5.4.0"
    "@ethersproject/constants" "^5.4.0"
    "@ethersproject/logger" "^5.4.0"

"@sisi/ed25519-blake2b-hd-key@^1.0.2":
  version "1.0.2"
  resolved "https://registry.yarnpkg.com/@sisi/ed25519-blake2b-hd-key/-/ed25519-blake2b-hd-key-1.0.2.tgz#09be397681c6c012cc17f47e4ea97344e656ae45"
  integrity sha512-Zv/yL4Er7Ci/N4uw3LJoBhAJUSdVl1fNDl2vedrBfKVBV9R68gcrn/SxGPRo2X+Q6ZD5ELoKq0G+IQgewlu4HA==
  dependencies:
    "@sisi/tweetnacl-blake2b" "^1.0.0"
    bip39 "^2.4.0"
    create-hmac "^1.1.6"

"@sisi/tweetnacl-blake2b@^1.0.0":
  version "1.0.0"
  resolved "https://registry.yarnpkg.com/@sisi/tweetnacl-blake2b/-/tweetnacl-blake2b-1.0.0.tgz#b639df84b95eed0b8c6f548c0770e7b499d2aa2b"
  integrity sha512-iv0zaxB+G8O2UJ2JeSHH/zqwl5Z94x9VDnH+FIVbLdVfApY5Bz0P2DeOol2TeDslh9Xz0TsylyUfQTStZUGxPQ==
  dependencies:
    blakejs "^1.1.0"

"@supabase/gotrue-js@^1.18.0":
  version "1.18.0"
  resolved "https://registry.yarnpkg.com/@supabase/gotrue-js/-/gotrue-js-1.18.0.tgz#1642c2605a24349b9bfbcd2ad83d19df3908371e"
  integrity sha512-kGKy6EkMwait89yUYQF7umUDCeOsnNZD/rrfRTDH5jVDwuudvrF/5Dw0mBMHh8lQdZDFaF6Q8bVHlD3vXguGdw==
  dependencies:
    cross-fetch "^3.0.6"

"@supabase/postgrest-js@^0.34.0":
  version "0.34.1"
  resolved "https://registry.yarnpkg.com/@supabase/postgrest-js/-/postgrest-js-0.34.1.tgz#ff53c19819b7e89424bb60e9b1431520a629ec38"
  integrity sha512-64RQhBpwZDXOpPRCHqrCrlVcyPWE/p4nH6/ALnJCvTkQHkyzXNPDoTlX6OjbuyMH9/BNvgVhEZth0e6hfpWDXw==
  dependencies:
    cross-fetch "^3.0.6"

"@supabase/realtime-js@^1.1.3":
  version "1.1.3"
  resolved "https://registry.yarnpkg.com/@supabase/realtime-js/-/realtime-js-1.1.3.tgz#2fefd36edae7fcee2ec8d622da58997e5e21b276"
  integrity sha512-zVquwxiv8xnjrh3n/WWbdsv6L39sq5vFBrlkKcRaJ/m9iT5HdLfa2hvCwmp0eaeExvDoJnaQ0u/gPBmTrq4xqw==
  dependencies:
    "@types/websocket" "^1.0.3"
    websocket "^1.0.34"

"@supabase/storage-js@^1.4.0":
  version "1.4.1"
  resolved "https://registry.yarnpkg.com/@supabase/storage-js/-/storage-js-1.4.1.tgz#22046226735164b000688e886b2f3dfa7724ef87"
  integrity sha512-sMhFbuiSPh31m5NPuEZmDVbOLe0QjvkOVXceGk0J1KtApz+3LOXf+BZLNG8Ss9djc8ZkT2HWgu/m8cunJm9Mig==
  dependencies:
    cross-fetch "^3.1.0"

"@supabase/supabase-js@^1.24.0":
  version "1.24.0"
  resolved "https://registry.yarnpkg.com/@supabase/supabase-js/-/supabase-js-1.24.0.tgz#0a0e034b0d32dd239d73878c1195c506e4c6a067"
  integrity sha512-/gM9+mSqmftHF8pzWzb+etQOvVSLT1cDrlvIL6LZSNrlv+ZRij8QAXnX9JGiUh0lNq046ZtrJThxys01P2TJSA==
  dependencies:
    "@supabase/gotrue-js" "^1.18.0"
    "@supabase/postgrest-js" "^0.34.0"
    "@supabase/realtime-js" "^1.1.3"
    "@supabase/storage-js" "^1.4.0"

"@types/node@*":
  version "16.11.0"
  resolved "https://registry.yarnpkg.com/@types/node/-/node-16.11.0.tgz#4b95f2327bacd1ef8f08d8ceda193039c5d7f52e"
  integrity sha512-8MLkBIYQMuhRBQzGN9875bYsOhPnf/0rgXGo66S2FemHkhbn9qtsz9ywV1iCG+vbjigE4WUNVvw37Dx+L0qsPg==

"@types/node@11.11.6":
  version "11.11.6"
  resolved "https://registry.yarnpkg.com/@types/node/-/node-11.11.6.tgz#df929d1bb2eee5afdda598a41930fe50b43eaa6a"
  integrity sha512-Exw4yUWMBXM3X+8oqzJNRqZSwUAaS4+7NdvHqQuFi/d+synz++xmX3QIf+BFqneW8N31R8Ky+sikfZUXq07ggQ==

"@types/node@^12.0.12":
  version "12.20.33"
  resolved "https://registry.yarnpkg.com/@types/node/-/node-12.20.33.tgz#24927446e8b7669d10abacedd16077359678f436"
  integrity sha512-5XmYX2GECSa+CxMYaFsr2mrql71Q4EvHjKS+ox/SiwSdaASMoBIWE6UmZqFO+VX1jIcsYLStI4FFoB6V7FeIYw==

"@types/websocket@^1.0.3":
  version "1.0.4"
  resolved "https://registry.yarnpkg.com/@types/websocket/-/websocket-1.0.4.tgz#1dc497280d8049a5450854dd698ee7e6ea9e60b8"
  integrity sha512-qn1LkcFEKK8RPp459jkjzsfpbsx36BBt3oC3pITYtkoBw/aVX+EZFa5j3ThCRTNpLFvIMr5dSTD4RaMdilIOpA==
  dependencies:
    "@types/node" "*"

"@vite/connector@^0.0.2":
  version "0.0.2"
  resolved "https://registry.yarnpkg.com/@vite/connector/-/connector-0.0.2.tgz#83eafe0c7c3c1df71b7436f8559905187aa57b21"
  integrity sha512-6tiChckVPkYoe2nkCoDOCN/iGTXTtW4izb5Du2Wf7oqbU5uXGooGxi5idsWvOGxXnd3cNPST/SYrx7JEjBJttg==
  dependencies:
    "@ethersproject/bytes" "^5.0.0-beta.126"
    "@ethersproject/strings" "^5.0.0-beta.125"
    "@types/node" "^12.0.12"

"@vite/vitejs-http@^2.3.14":
  version "2.3.14"
  resolved "https://registry.yarnpkg.com/@vite/vitejs-http/-/vitejs-http-2.3.14.tgz#6484a579a44c50e6211f3f18fb01d81377bf6aff"
  integrity sha512-DXJNEUu9fK66yIhkoPfihMktPJuLSQ34MAfgmVpd/SxjoGB8xmFfjN7ZeXHk8ibgLgX9g81XcizsWwg4oqSLpA==

"@vite/vitejs-ipc@^2.3.14":
  version "2.3.14"
  resolved "https://registry.yarnpkg.com/@vite/vitejs-ipc/-/vitejs-ipc-2.3.14.tgz#95b5d38c6ed53cd7da3c41b0bfb8887a5a9286b7"
  integrity sha512-WF872VV2q76eYGrLz/HYkiUCr06R97lYdOetVy7ffSMNRJVQ6mA8tHP7vnbnXdQ+sVNHQ14fcb8IiFt5iT2aNw==

"@vite/vitejs-ws@^2.3.14":
  version "2.3.14"
  resolved "https://registry.yarnpkg.com/@vite/vitejs-ws/-/vitejs-ws-2.3.14.tgz#a29cd18092b19cba5372b10b804242a558d5e6b5"
  integrity sha512-MkUowsTyowt8gEyRVO6becu7GFx2jAf4CVUehgYMopD7HFEL2MzJWQb4JQCdIBYBGzjvCWUSMjAf9O57aJrqyQ==

"@vite/vitejs@^2.3.14":
  version "2.3.14"
  resolved "https://registry.yarnpkg.com/@vite/vitejs/-/vitejs-2.3.14.tgz#d21f9d8a131b49f3274a3ddd28baa9f35bb260c3"
  integrity sha512-MIACHbsRyT0gTvmh/cZ/Gn3f+XPDbAy/wziS6mjym9CBhU0cc98m5MuJKRNmBp+4ArYlwF8O22D4kwxoBK2IqA==
  dependencies:
    "@sisi/ed25519-blake2b-hd-key" "^1.0.2"
    "@sisi/tweetnacl-blake2b" "^1.0.0"
    bip39 "^3.0.2"
    blake2b "^2.1.3"
    blakejs "^1.1.0"
    bn.js "^5.1.1"
    browserify-aes "^1.2.0"
    buffer "^5.5.0"
    create-hmac "^1.1.7"
    es6-promise "^4.2.5"
    jsonrpc-lite "^2.0.3"
    net "^1.0.2"
    pure-uuid "^1.5.3"
    qs "^6.6.0"
    scryptsy "^2.0.0"
    websocket "^1.0.26"
    xhr2 "^0.2.0"

"@vitejs/plugin-vue@^1.9.3":
  version "1.9.3"
  resolved "https://registry.yarnpkg.com/@vitejs/plugin-vue/-/plugin-vue-1.9.3.tgz#93d61893ce6c723d0209af0483ec8b91a2cd811f"
  integrity sha512-yW6H/q+4Mc2PcVjSOelcsMrg/k15DnMUz8jyCFsI04emc3aLwo4AoofUfGnjHUkgirrDxSJLVqQVGhonQ3yykA==

"@vue/compiler-core@3.2.20":
  version "3.2.20"
  resolved "https://registry.yarnpkg.com/@vue/compiler-core/-/compiler-core-3.2.20.tgz#af5a3c5237818835b0d0be837eb5885a8d21c160"
  integrity sha512-vcEXlKXoPwBXFP5aUTHN9GTZaDfwCofa9Yu9bbW2C5O/QSa9Esdt7OG4+0RRd3EHEMxUvEdj4RZrd/KpQeiJbA==
  dependencies:
    "@babel/parser" "^7.15.0"
    "@vue/shared" "3.2.20"
    estree-walker "^2.0.2"
    source-map "^0.6.1"

"@vue/compiler-dom@3.2.20":
  version "3.2.20"
  resolved "https://registry.yarnpkg.com/@vue/compiler-dom/-/compiler-dom-3.2.20.tgz#8e0ef354449c0faf41519b00bfc2045eae01dcb5"
  integrity sha512-QnI77ec/JtV7R0YBbcVayYTDCRcI9OCbxiUQK6izVyqQO0658n0zQuoNwe+bYgtqnvGAIqTR3FShTd5y4oOjdg==
  dependencies:
    "@vue/compiler-core" "3.2.20"
    "@vue/shared" "3.2.20"

"@vue/compiler-sfc@3.2.20":
  version "3.2.20"
  resolved "https://registry.yarnpkg.com/@vue/compiler-sfc/-/compiler-sfc-3.2.20.tgz#2d7668e76f066c566dd7c09c15c9acce4e876e0a"
  integrity sha512-03aZo+6tQKiFLfunHKSPZvdK4Jsn/ftRCyaro8AQIWkuxJbvSosbKK6HTTn+D2c3nPScG155akJoxKENw7rftQ==
  dependencies:
    "@babel/parser" "^7.15.0"
    "@vue/compiler-core" "3.2.20"
    "@vue/compiler-dom" "3.2.20"
    "@vue/compiler-ssr" "3.2.20"
    "@vue/ref-transform" "3.2.20"
    "@vue/shared" "3.2.20"
    estree-walker "^2.0.2"
    magic-string "^0.25.7"
    postcss "^8.1.10"
    source-map "^0.6.1"

"@vue/compiler-ssr@3.2.20":
  version "3.2.20"
  resolved "https://registry.yarnpkg.com/@vue/compiler-ssr/-/compiler-ssr-3.2.20.tgz#9cceb6261d9932cb5568202610c1c28f86c5e521"
  integrity sha512-rzzVVYivm+EjbfiGQvNeyiYZWzr6Hkej97RZLZvcumacQlnKv9176Xo9rRyeWwFbBlxmtNdrVMslRXtipMXk2w==
  dependencies:
    "@vue/compiler-dom" "3.2.20"
    "@vue/shared" "3.2.20"

"@vue/reactivity@3.2.20":
  version "3.2.20"
  resolved "https://registry.yarnpkg.com/@vue/reactivity/-/reactivity-3.2.20.tgz#81fe1c368e7f20bc0ec1dec1045bbee253582de8"
  integrity sha512-nSmoLojUTk+H8HNTAkrUduB4+yIUBK2HPihJo2uXVSH4Spry6oqN6lFzE5zpLK+F27Sja+UqR9R1+/kIOsHV5w==
  dependencies:
    "@vue/shared" "3.2.20"

"@vue/ref-transform@3.2.20":
  version "3.2.20"
  resolved "https://registry.yarnpkg.com/@vue/ref-transform/-/ref-transform-3.2.20.tgz#2a59ec90caf8e5c7336776a0900bff0a8b81c090"
  integrity sha512-Y42d3PGlYZ1lXcF3dbd3+qU/C/a3wYEZ949fyOI5ptzkjDWlkfU6vn74fmOjsLjEcjs10BXK2qO99FqQIK2r1Q==
  dependencies:
    "@babel/parser" "^7.15.0"
    "@vue/compiler-core" "3.2.20"
    "@vue/shared" "3.2.20"
    estree-walker "^2.0.2"
    magic-string "^0.25.7"

"@vue/runtime-core@3.2.20":
  version "3.2.20"
  resolved "https://registry.yarnpkg.com/@vue/runtime-core/-/runtime-core-3.2.20.tgz#8f63e956a3f88fb772541443c45a7701211012cb"
  integrity sha512-d1xfUGhZPfiZzAN7SatStD4vRtT8deJSXib2+Cz3x0brjMWKxe32asQc154FF1E2fFgMCHtnfd4A90bQEzV4GQ==
  dependencies:
    "@vue/reactivity" "3.2.20"
    "@vue/shared" "3.2.20"

"@vue/runtime-dom@3.2.20":
  version "3.2.20"
  resolved "https://registry.yarnpkg.com/@vue/runtime-dom/-/runtime-dom-3.2.20.tgz#8aa56ae6c30f9cd4a71ca0e9ec3c4bdc67148d15"
  integrity sha512-4TCvZMLhESWCFHFYgqN4QmMA/onnINAlUovhopjlS8ST27G1A8Z0tyxPzLoXLa+b5JrOpbMPheEMPvdKExTJig==
  dependencies:
    "@vue/runtime-core" "3.2.20"
    "@vue/shared" "3.2.20"
    csstype "^2.6.8"

"@vue/server-renderer@3.2.20":
  version "3.2.20"
  resolved "https://registry.yarnpkg.com/@vue/server-renderer/-/server-renderer-3.2.20.tgz#705e07ae9425132b2b6227d308a51a13f4d4ec81"
  integrity sha512-viIbZGep9XabnrRcaxWIi00cOh1x21QYm2upIL5W0zqzTJ54VdTzpI+zi1osNp+VfRQDTHpV2U7H3Kn4ljYJvg==
  dependencies:
    "@vue/compiler-ssr" "3.2.20"
    "@vue/shared" "3.2.20"

"@vue/shared@3.2.20":
  version "3.2.20"
  resolved "https://registry.yarnpkg.com/@vue/shared/-/shared-3.2.20.tgz#53746961f731a8ea666e3316271e944238dc31db"
  integrity sha512-FbpX+hD5BvXCQerEYO7jtAGHlhAkhTQ4KIV73kmLWNlawWhTiVuQxizgVb0BOkX5oG9cIRZ42EG++d/k/Efp0w==

base64-js@^1.3.1:
  version "1.5.1"
  resolved "https://registry.yarnpkg.com/base64-js/-/base64-js-1.5.1.tgz#1b1b440160a5bf7ad40b650f095963481903930a"
  integrity sha512-AKpaYlHn8t4SVbOHCy+b5+KKgvR4vrsD8vbvrbiQJps7fKDTkjkDry6ji0rUJjC0kzbNePLwzxq8iypo41qeWA==

bip39@^2.4.0:
  version "2.6.0"
  resolved "https://registry.yarnpkg.com/bip39/-/bip39-2.6.0.tgz#9e3a720b42ec8b3fbe4038f1e445317b6a99321c"
  integrity sha512-RrnQRG2EgEoqO24ea+Q/fftuPUZLmrEM3qNhhGsA3PbaXaCW791LTzPuVyx/VprXQcTbPJ3K3UeTna8ZnVl2sg==
  dependencies:
    create-hash "^1.1.0"
    pbkdf2 "^3.0.9"
    randombytes "^2.0.1"
    safe-buffer "^5.0.1"
    unorm "^1.3.3"

bip39@^3.0.2:
  version "3.0.4"
  resolved "https://registry.yarnpkg.com/bip39/-/bip39-3.0.4.tgz#5b11fed966840b5e1b8539f0f54ab6392969b2a0"
  integrity sha512-YZKQlb752TrUWqHWj7XAwCSjYEgGAk+/Aas3V7NyjQeZYsztO8JnQUaCWhcnL4T+jL8nvB8typ2jRPzTlgugNw==
  dependencies:
    "@types/node" "11.11.6"
    create-hash "^1.1.0"
    pbkdf2 "^3.0.9"
    randombytes "^2.0.1"

blake2b-wasm@^1.1.0:
  version "1.1.7"
  resolved "https://registry.yarnpkg.com/blake2b-wasm/-/blake2b-wasm-1.1.7.tgz#e4d075da10068e5d4c3ec1fb9accc4d186c55d81"
  integrity sha512-oFIHvXhlz/DUgF0kq5B1CqxIDjIJwh9iDeUUGQUcvgiGz7Wdw03McEO7CfLBy7QKGdsydcMCgO9jFNBAFCtFcA==
  dependencies:
    nanoassert "^1.0.0"

blake2b@^2.1.3:
  version "2.1.3"
  resolved "https://registry.yarnpkg.com/blake2b/-/blake2b-2.1.3.tgz#f5388be424768e7c6327025dad0c3c6d83351bca"
  integrity sha512-pkDss4xFVbMb4270aCyGD3qLv92314Et+FsKzilCLxDz5DuZ2/1g3w4nmBbu6nKApPspnjG7JcwTjGZnduB1yg==
  dependencies:
    blake2b-wasm "^1.1.0"
    nanoassert "^1.0.0"

blakejs@^1.1.0:
  version "1.1.1"
  resolved "https://registry.yarnpkg.com/blakejs/-/blakejs-1.1.1.tgz#bf313053978b2cd4c444a48795710be05c785702"
  integrity sha512-bLG6PHOCZJKNshTjGRBvET0vTciwQE6zFKOKKXPDJfwFBd4Ac0yBfPZqcGvGJap50l7ktvlpFqc2jGVaUgbJgg==

bn.js@^4.11.9:
  version "4.12.0"
  resolved "https://registry.yarnpkg.com/bn.js/-/bn.js-4.12.0.tgz#775b3f278efbb9718eec7361f483fb36fbbfea88"
  integrity sha512-c98Bf3tPniI+scsdk237ku1Dc3ujXQTSgyiPUDEOe7tRkhrqridvh8klBv0HCEso1OLOYcHuCv/cS6DNxKH+ZA==

bn.js@^5.1.1:
  version "5.2.0"
  resolved "https://registry.yarnpkg.com/bn.js/-/bn.js-5.2.0.tgz#358860674396c6997771a9d051fcc1b57d4ae002"
  integrity sha512-D7iWRBvnZE8ecXiLj/9wbxH7Tk79fAh8IHaTNq1RWRixsS02W+5qS+iE9yq6RYl0asXx5tw0bLhmT5pIfbSquw==

browserify-aes@^1.2.0:
  version "1.2.0"
  resolved "https://registry.yarnpkg.com/browserify-aes/-/browserify-aes-1.2.0.tgz#326734642f403dabc3003209853bb70ad428ef48"
  integrity sha512-+7CHXqGuspUn/Sl5aO7Ea0xWGAtETPXNSAjHo48JfLdPWcMng33Xe4znFvQweqc/uzk5zSOI3H52CYnjCfb5hA==
  dependencies:
    buffer-xor "^1.0.3"
    cipher-base "^1.0.0"
    create-hash "^1.1.0"
    evp_bytestokey "^1.0.3"
    inherits "^2.0.1"
    safe-buffer "^5.0.1"

buffer-xor@^1.0.3:
  version "1.0.3"
  resolved "https://registry.yarnpkg.com/buffer-xor/-/buffer-xor-1.0.3.tgz#26e61ed1422fb70dd42e6e36729ed51d855fe8d9"
  integrity sha1-JuYe0UIvtw3ULm42cp7VHYVf6Nk=

buffer@^5.5.0:
  version "5.7.1"
  resolved "https://registry.yarnpkg.com/buffer/-/buffer-5.7.1.tgz#ba62e7c13133053582197160851a8f648e99eed0"
  integrity sha512-EHcyIPBQ4BSGlvjB16k5KgAJ27CIsHY/2JBmCRReo48y9rQ3MaUzWX3KVlBa4U7MyX02HdVj0K7C3WaB3ju7FQ==
  dependencies:
    base64-js "^1.3.1"
    ieee754 "^1.1.13"

bufferutil@^4.0.1:
  version "4.0.5"
  resolved "https://registry.yarnpkg.com/bufferutil/-/bufferutil-4.0.5.tgz#da9ea8166911cc276bf677b8aed2d02d31f59028"
  integrity sha512-HTm14iMQKK2FjFLRTM5lAVcyaUzOnqbPtesFIvREgXpJHdQm8bWS+GkQgIkfaBYRHuCnea7w8UVNfwiAQhlr9A==
  dependencies:
    node-gyp-build "^4.3.0"

call-bind@^1.0.0:
  version "1.0.2"
  resolved "https://registry.yarnpkg.com/call-bind/-/call-bind-1.0.2.tgz#b1d4e89e688119c3c9a903ad30abb2f6a919be3c"
  integrity sha512-7O+FbCihrB5WGbFYesctwmTKae6rOiIzmz1icreWJ+0aA7LJfuqhEso2T9ncpcFtzMQtzXf2QGGueWJGTYsqrA==
  dependencies:
    function-bind "^1.1.1"
    get-intrinsic "^1.0.2"

cipher-base@^1.0.0, cipher-base@^1.0.1, cipher-base@^1.0.3:
  version "1.0.4"
  resolved "https://registry.yarnpkg.com/cipher-base/-/cipher-base-1.0.4.tgz#8760e4ecc272f4c363532f926d874aae2c1397de"
  integrity sha512-Kkht5ye6ZGmwv40uUDZztayT2ThLQGfnj/T71N/XzeZeo3nf8foyW7zGTsPYkEya3m5f3cAypH+qe7YOrM1U2Q==
  dependencies:
    inherits "^2.0.1"
    safe-buffer "^5.0.1"

create-hash@^1.1.0, create-hash@^1.1.2:
  version "1.2.0"
  resolved "https://registry.yarnpkg.com/create-hash/-/create-hash-1.2.0.tgz#889078af11a63756bcfb59bd221996be3a9ef196"
  integrity sha512-z00bCGNHDG8mHAkP7CtT1qVu+bFQUPjYq/4Iv3C3kWjTFV10zIjfSoeqXo9Asws8gwSHDGj/hl2u4OGIjapeCg==
  dependencies:
    cipher-base "^1.0.1"
    inherits "^2.0.1"
    md5.js "^1.3.4"
    ripemd160 "^2.0.1"
    sha.js "^2.4.0"

create-hmac@^1.1.4, create-hmac@^1.1.6, create-hmac@^1.1.7:
  version "1.1.7"
  resolved "https://registry.yarnpkg.com/create-hmac/-/create-hmac-1.1.7.tgz#69170c78b3ab957147b2b8b04572e47ead2243ff"
  integrity sha512-MJG9liiZ+ogc4TzUwuvbER1JRdgvUFSB5+VR/g5h82fGaIRWMWddtKBHi7/sVhfjQZ6SehlyhvQYrcYkaUIpLg==
  dependencies:
    cipher-base "^1.0.3"
    create-hash "^1.1.0"
    inherits "^2.0.1"
    ripemd160 "^2.0.0"
    safe-buffer "^5.0.1"
    sha.js "^2.4.8"

cross-fetch@^3.0.6, cross-fetch@^3.1.0:
  version "3.1.4"
  resolved "https://registry.yarnpkg.com/cross-fetch/-/cross-fetch-3.1.4.tgz#9723f3a3a247bf8b89039f3a380a9244e8fa2f39"
  integrity sha512-1eAtFWdIubi6T4XPy6ei9iUFoKpUkIF971QLN8lIvvvwueI65+Nw5haMNKUwfJxabqlIIDODJKGrQ66gxC0PbQ==
  dependencies:
    node-fetch "2.6.1"

csstype@^2.6.8:
  version "2.6.18"
  resolved "https://registry.yarnpkg.com/csstype/-/csstype-2.6.18.tgz#980a8b53085f34af313410af064f2bd241784218"
  integrity sha512-RSU6Hyeg14am3Ah4VZEmeX8H7kLwEEirXe6aU2IPfKNvhXwTflK5HQRDNI0ypQXoqmm+QPyG2IaPuQE5zMwSIQ==

d@1, d@^1.0.1:
  version "1.0.1"
  resolved "https://registry.yarnpkg.com/d/-/d-1.0.1.tgz#8698095372d58dbee346ffd0c7093f99f8f9eb5a"
  integrity sha512-m62ShEObQ39CfralilEQRjH6oAMtNCV1xJyEx5LpRYUVN+EviphDgUc/F3hnYbADmkiNs67Y+3ylmlG7Lnu+FA==
  dependencies:
    es5-ext "^0.10.50"
    type "^1.0.1"

debug@^2.2.0:
  version "2.6.9"
  resolved "https://registry.yarnpkg.com/debug/-/debug-2.6.9.tgz#5d128515df134ff327e90a4c93f4e077a536341f"
  integrity sha512-bC7ElrdJaJnPbAP+1EotYvqZsb3ecl5wi6Bfi6BJTUcNowp6cvspg0jXznRTKDjm/E7AdgFBVeAPVMNcKGsHMA==
  dependencies:
    ms "2.0.0"

es5-ext@^0.10.35, es5-ext@^0.10.50:
  version "0.10.53"
  resolved "https://registry.yarnpkg.com/es5-ext/-/es5-ext-0.10.53.tgz#93c5a3acfdbef275220ad72644ad02ee18368de1"
  integrity sha512-Xs2Stw6NiNHWypzRTY1MtaG/uJlwCk8kH81920ma8mvN8Xq1gsfhZvpkImLQArw8AHnv8MT2I45J3c0R8slE+Q==
  dependencies:
    es6-iterator "~2.0.3"
    es6-symbol "~3.1.3"
    next-tick "~1.0.0"

es6-iterator@~2.0.3:
  version "2.0.3"
  resolved "https://registry.yarnpkg.com/es6-iterator/-/es6-iterator-2.0.3.tgz#a7de889141a05a94b0854403b2d0a0fbfa98f3b7"
  integrity sha1-p96IkUGgWpSwhUQDstCg+/qY87c=
  dependencies:
    d "1"
    es5-ext "^0.10.35"
    es6-symbol "^3.1.1"

es6-promise@^4.2.5:
  version "4.2.8"
  resolved "https://registry.yarnpkg.com/es6-promise/-/es6-promise-4.2.8.tgz#4eb21594c972bc40553d276e510539143db53e0a"
  integrity sha512-HJDGx5daxeIvxdBxvG2cb9g4tEvwIk3i8+nhX0yGrYmZUzbkdg8QbDevheDB8gd0//uPj4c1EQua8Q+MViT0/w==

es6-symbol@^3.1.1, es6-symbol@~3.1.3:
  version "3.1.3"
  resolved "https://registry.yarnpkg.com/es6-symbol/-/es6-symbol-3.1.3.tgz#bad5d3c1bcdac28269f4cb331e431c78ac705d18"
  integrity sha512-NJ6Yn3FuDinBaBRWl/q5X/s4koRHBrgKAu+yGI6JCBeiu3qrcbJhwT2GeR/EXVfylRk8dpQVJoLEFhK+Mu31NA==
  dependencies:
    d "^1.0.1"
    ext "^1.1.2"

esbuild-android-arm64@0.13.7:
  version "0.13.7"
  resolved "https://registry.yarnpkg.com/esbuild-android-arm64/-/esbuild-android-arm64-0.13.7.tgz#528886c36968aa6ab6496392d419654dda88f092"
  integrity sha512-yqCTKzmm3jiUXgi0yeKhvwZCZTqClUXwwMRAntcM9u/xvXhmpw0V0Z4qDEpnkmF2NCMzmJRH+DAAQ5whuf3CYA==

esbuild-darwin-64@0.13.7:
  version "0.13.7"
  resolved "https://registry.yarnpkg.com/esbuild-darwin-64/-/esbuild-darwin-64-0.13.7.tgz#32cf420d43ca448e7741a90d0d4c6dc5385969da"
  integrity sha512-MvsgMUWzq5FxoeJLSavw3rgQbaC55A8QTI1U2/8MWamtAeDKyzWQnglcsF0/TkjGLaKEqS0ZLo8akJ8q34BCtw==

esbuild-darwin-arm64@0.13.7:
  version "0.13.7"
  resolved "https://registry.yarnpkg.com/esbuild-darwin-arm64/-/esbuild-darwin-arm64-0.13.7.tgz#c80f0b62c8ae4710b17090f507037aeae73e9016"
  integrity sha512-tuP+dpIzXj17UC17VkHFDAH5nB7MajJK7sF8Fz4iVo8cml8YXj3MeNtjjLmx9YFvPs4XW3hFw1eqZJ06h2ssIA==

esbuild-freebsd-64@0.13.7:
  version "0.13.7"
  resolved "https://registry.yarnpkg.com/esbuild-freebsd-64/-/esbuild-freebsd-64-0.13.7.tgz#0b826a9655446c0d0a01a4a996d450e5cb0e033a"
  integrity sha512-p07TrpkCJJyAXXCXFm2IpAvyASUTcuT0OF43riEsgjuRJmtaNBOUENecr2B2k/zd9wkGz6UyxxtnFntaBttkDg==

esbuild-freebsd-arm64@0.13.7:
  version "0.13.7"
  resolved "https://registry.yarnpkg.com/esbuild-freebsd-arm64/-/esbuild-freebsd-arm64-0.13.7.tgz#f9c980ce7e71e6702f82706a6244959eba2b80dc"
  integrity sha512-MCtfBRkE1GwAnjVoWPYoZ+S/+zanzWxAJVER1/8jmWobCXJG0w+YM2IXQ2fN4T9U96RusFWQDMJVoACnqhIAzg==

esbuild-linux-32@0.13.7:
  version "0.13.7"
  resolved "https://registry.yarnpkg.com/esbuild-linux-32/-/esbuild-linux-32-0.13.7.tgz#3d9d704452ed13da20771537bf30f695b9f80327"
  integrity sha512-HM4d16XbqToo93LPrgzkiLgX3Xgr9Mw67tEM8vjhHDx18JnaZqPdIsl5ZfCqRGHlLUq+GdFKl6+dH7WlsiWMCA==

esbuild-linux-64@0.13.7:
  version "0.13.7"
  resolved "https://registry.yarnpkg.com/esbuild-linux-64/-/esbuild-linux-64-0.13.7.tgz#ce5c7b964990fdb2713ce816f0a24ffffd96942c"
  integrity sha512-krgiIEyqcS0kfTjptGEQzdYwiEmmqpmiZHlKqZILVuU5BaIVWCBMmVx20HH9waJw1yT0Ao4fZTZ9kg8s/pKAYA==

esbuild-linux-arm64@0.13.7:
  version "0.13.7"
  resolved "https://registry.yarnpkg.com/esbuild-linux-arm64/-/esbuild-linux-arm64-0.13.7.tgz#53a53f43669ef705c925bf275491d507cb77b06b"
  integrity sha512-aM2BUTdbtzEUOuLqDusGCuWQRqc0JazgbA/6+Q9xhUgNLHGUMAsu4C5G0qPnJCTlWGZX+bcQYma6wFVEp9ibBg==

esbuild-linux-arm@0.13.7:
  version "0.13.7"
  resolved "https://registry.yarnpkg.com/esbuild-linux-arm/-/esbuild-linux-arm-0.13.7.tgz#3372ea117517aa3194ed1622305ab76bf2550b1d"
  integrity sha512-GOAt1brGG14mmQx2sRD3wHi3rih94OzhmDRVyo7JvlSmWOfEczPf7zL7YfmgjuktvvuLTERtTJzaih7nyCwPOg==

esbuild-linux-mips64le@0.13.7:
  version "0.13.7"
  resolved "https://registry.yarnpkg.com/esbuild-linux-mips64le/-/esbuild-linux-mips64le-0.13.7.tgz#c431291deecb949a4cdbbab0bc01b6b4a962104a"
  integrity sha512-+UJq6cxpc2ldaQFdpEDrBhqhluXsqCNlWiHccIjq25r+3YbFg0c/RJEypoVU7tjhGXUGWyWWQ7SLkzHYpf+Nsg==

esbuild-linux-ppc64le@0.13.7:
  version "0.13.7"
  resolved "https://registry.yarnpkg.com/esbuild-linux-ppc64le/-/esbuild-linux-ppc64le-0.13.7.tgz#d47b2322ac1ad61669045d5f95181d4f0d9744d2"
  integrity sha512-6zwpliO4ZZtodDYM1JJEmSMpkd07I8bnNOKoHe7TOs9VhylXJooHh5ObSbSvk3FxCBs+jL5bxb24p10/Cg4RGw==

esbuild-netbsd-64@0.13.7:
  version "0.13.7"
  resolved "https://registry.yarnpkg.com/esbuild-netbsd-64/-/esbuild-netbsd-64-0.13.7.tgz#9c9fed5dfc2f3656de024496f10928368a29ea10"
  integrity sha512-CfTHeTfJWlwjgfpApXYvECytLD6BzTWovLE0+28KT7bjU5fM4ieDYzRvjWjFAOB2X6DWpaoQnJAlhJirQBW0EQ==

esbuild-openbsd-64@0.13.7:
  version "0.13.7"
  resolved "https://registry.yarnpkg.com/esbuild-openbsd-64/-/esbuild-openbsd-64-0.13.7.tgz#fc039ce363b0ad5617a82dc9d312fccebd950070"
  integrity sha512-qfW+f0MQfl72zVwgbV00I1kAP2zty+N031cNnQINcBmzHOSbEbaBQbUM0kawq+wdfgS/Xmppgf7nD1H8GWAvow==

esbuild-sunos-64@0.13.7:
  version "0.13.7"
  resolved "https://registry.yarnpkg.com/esbuild-sunos-64/-/esbuild-sunos-64-0.13.7.tgz#ad85a2f2cd38b6e920f2ad07ebc134cdba92e26d"
  integrity sha512-fVRM9mV0wAYLt92IqzudxACMLJZRQFx1oJsNeU4fPFmUxIkYE4C7G7z9vqI2eu9bpDo1fA+3+5djo/T/28Mckg==

esbuild-windows-32@0.13.7:
  version "0.13.7"
  resolved "https://registry.yarnpkg.com/esbuild-windows-32/-/esbuild-windows-32-0.13.7.tgz#146b416c5172a2c252ce29f899c0c8f1a20eac50"
  integrity sha512-v3csjeQtlHHWS1q/tE9rTRCSSU/fGvJVh1l7gkS93ysAaIMeC0j9Q0h2PxFpQ6yxuwftuDYfQdnkVGcqjkKM8A==

esbuild-windows-64@0.13.7:
  version "0.13.7"
  resolved "https://registry.yarnpkg.com/esbuild-windows-64/-/esbuild-windows-64-0.13.7.tgz#9eaffae2204263a7b35313ea51a6a6e5a5e0bb48"
  integrity sha512-vk+yv/vYpHZP0vxSaxaA4EMaicuxy4E435EXkbsgk5UgpcQgSP0CVlIeaqtgfSM3IwGnpbagOirRVqqZqxyMDQ==

esbuild-windows-arm64@0.13.7:
  version "0.13.7"
  resolved "https://registry.yarnpkg.com/esbuild-windows-arm64/-/esbuild-windows-arm64-0.13.7.tgz#6937647f05528248b1634027d839ae81ffdde8c2"
  integrity sha512-0Fp+IeG5qWLCK+U6d8L9/SnXkI6f3JMtauSQ8HHzw3Fl0pZ+VImUAUWZ3g2fhthNqp+t8dB3n238CJD6XBn15w==

esbuild@^0.13.2:
  version "0.13.7"
  resolved "https://registry.yarnpkg.com/esbuild/-/esbuild-0.13.7.tgz#ee6e04da3c0ca34f35a05dea649caa48686c92fb"
  integrity sha512-Ok3w+Pc9SNdNVEEJUUx9OvNZHwFyoKS0N+ceytfUB3wh/HxhRkOEc9dO8KR9AjfpFI82/Wg258GRDs1/8SFgKQ==
  optionalDependencies:
    esbuild-android-arm64 "0.13.7"
    esbuild-darwin-64 "0.13.7"
    esbuild-darwin-arm64 "0.13.7"
    esbuild-freebsd-64 "0.13.7"
    esbuild-freebsd-arm64 "0.13.7"
    esbuild-linux-32 "0.13.7"
    esbuild-linux-64 "0.13.7"
    esbuild-linux-arm "0.13.7"
    esbuild-linux-arm64 "0.13.7"
    esbuild-linux-mips64le "0.13.7"
    esbuild-linux-ppc64le "0.13.7"
    esbuild-netbsd-64 "0.13.7"
    esbuild-openbsd-64 "0.13.7"
    esbuild-sunos-64 "0.13.7"
    esbuild-windows-32 "0.13.7"
    esbuild-windows-64 "0.13.7"
    esbuild-windows-arm64 "0.13.7"

estree-walker@^2.0.2:
  version "2.0.2"
  resolved "https://registry.yarnpkg.com/estree-walker/-/estree-walker-2.0.2.tgz#52f010178c2a4c117a7757cfe942adb7d2da4cac"
  integrity sha512-Rfkk/Mp/DL7JVje3u18FxFujQlTNR2q6QfMSMB7AvCBx91NGj/ba3kCfza0f6dVDbw7YlRf/nDrn7pQrCCyQ/w==

evp_bytestokey@^1.0.3:
  version "1.0.3"
  resolved "https://registry.yarnpkg.com/evp_bytestokey/-/evp_bytestokey-1.0.3.tgz#7fcbdb198dc71959432efe13842684e0525acb02"
  integrity sha512-/f2Go4TognH/KvCISP7OUsHn85hT9nUkxxA9BEWxFn+Oj9o8ZNLm/40hdlgSLyuOimsrTKLUMEorQexp/aPQeA==
  dependencies:
    md5.js "^1.3.4"
    safe-buffer "^5.1.1"

ext@^1.1.2:
  version "1.6.0"
  resolved "https://registry.yarnpkg.com/ext/-/ext-1.6.0.tgz#3871d50641e874cc172e2b53f919842d19db4c52"
  integrity sha512-sdBImtzkq2HpkdRLtlLWDa6w4DX22ijZLKx8BMPUuKe1c5lbN6xwQDQCxSfxBQnHZ13ls/FH0MQZx/q/gr6FQg==
  dependencies:
    type "^2.5.0"

fsevents@~2.3.2:
  version "2.3.2"
  resolved "https://registry.yarnpkg.com/fsevents/-/fsevents-2.3.2.tgz#8a526f78b8fdf4623b709e0b975c52c24c02fd1a"
  integrity sha512-xiqMQR4xAeHTuB9uWm+fFRcIOgKBMiOBP+eXiyT7jsgVCq1bkVygt00oASowB7EdtpOHaaPgKt812P9ab+DDKA==

function-bind@^1.1.1:
  version "1.1.1"
  resolved "https://registry.yarnpkg.com/function-bind/-/function-bind-1.1.1.tgz#a56899d3ea3c9bab874bb9773b7c5ede92f4895d"
  integrity sha512-yIovAzMX49sF8Yl58fSCWJ5svSLuaibPxXQJFLmBObTuCr0Mf1KiPopGM9NiFjiYBCbfaa2Fh6breQ6ANVTI0A==

get-intrinsic@^1.0.2:
  version "1.1.1"
  resolved "https://registry.yarnpkg.com/get-intrinsic/-/get-intrinsic-1.1.1.tgz#15f59f376f855c446963948f0d24cd3637b4abc6"
  integrity sha512-kWZrnVM42QCiEA2Ig1bG8zjoIMOgxWwYCEeNdwY6Tv/cOSeGpcoX4pXHfKUxNKVoArnrEr2e9srnAxxGIraS9Q==
  dependencies:
    function-bind "^1.1.1"
    has "^1.0.3"
    has-symbols "^1.0.1"

has-symbols@^1.0.1:
  version "1.0.2"
  resolved "https://registry.yarnpkg.com/has-symbols/-/has-symbols-1.0.2.tgz#165d3070c00309752a1236a479331e3ac56f1423"
  integrity sha512-chXa79rL/UC2KlX17jo3vRGz0azaWEx5tGqZg5pO3NUyEJVB17dMruQlzCCOfUvElghKcm5194+BCRvi2Rv/Gw==

has@^1.0.3:
  version "1.0.3"
  resolved "https://registry.yarnpkg.com/has/-/has-1.0.3.tgz#722d7cbfc1f6aa8241f16dd814e011e1f41e8796"
  integrity sha512-f2dvO0VU6Oej7RkWJGrehjbzMAjFp5/VKPp5tTpWIV4JHHZK1/BxbFRtf/siA2SWTe09caDmVtYYzWEIbBS4zw==
  dependencies:
    function-bind "^1.1.1"

hash-base@^3.0.0:
  version "3.1.0"
  resolved "https://registry.yarnpkg.com/hash-base/-/hash-base-3.1.0.tgz#55c381d9e06e1d2997a883b4a3fddfe7f0d3af33"
  integrity sha512-1nmYp/rhMDiE7AYkDw+lLwlAzz0AntGIe51F3RfFfEqyQ3feY2eI/NcwC6umIQVOASPMsWJLJScWKSSvzL9IVA==
  dependencies:
    inherits "^2.0.4"
    readable-stream "^3.6.0"
    safe-buffer "^5.2.0"

ieee754@^1.1.13:
  version "1.2.1"
  resolved "https://registry.yarnpkg.com/ieee754/-/ieee754-1.2.1.tgz#8eb7a10a63fff25d15a57b001586d177d1b0d352"
  integrity sha512-dcyqhDvX1C46lXZcVqCpK+FtMRQVdIMN6/Df5js2zouUsqG7I6sFxitIC+7KYK29KdXOLHdu9zL4sFnoVQnqaA==

inherits@^2.0.1, inherits@^2.0.3, inherits@^2.0.4:
  version "2.0.4"
  resolved "https://registry.yarnpkg.com/inherits/-/inherits-2.0.4.tgz#0fa2c64f932917c3433a0ded55363aae37416b7c"
  integrity sha512-k/vGaX4/Yla3WzyMCvTQOXYeIHvqOKtnqBduzTHpzpQZzAskKMhZ2K+EnBiSM9zGSoIFeMpXKxa4dYeZIQqewQ==

is-core-module@^2.2.0:
  version "2.8.0"
  resolved "https://registry.yarnpkg.com/is-core-module/-/is-core-module-2.8.0.tgz#0321336c3d0925e497fd97f5d95cb114a5ccd548"
  integrity sha512-vd15qHsaqrRL7dtH6QNuy0ndJmRDrS9HAM1CAiSifNUFv4x1a0CCVsj18hJ1mShxIG6T2i1sO78MkP56r0nYRw==
  dependencies:
    has "^1.0.3"

is-typedarray@^1.0.0:
  version "1.0.0"
  resolved "https://registry.yarnpkg.com/is-typedarray/-/is-typedarray-1.0.0.tgz#e479c80858df0c1b11ddda6940f96011fcda4a9a"
  integrity sha1-5HnICFjfDBsR3dppQPlgEfzaSpo=

jsonrpc-lite@^2.0.3:
  version "2.2.0"
  resolved "https://registry.yarnpkg.com/jsonrpc-lite/-/jsonrpc-lite-2.2.0.tgz#fb3aa9d292c8970eb7f83c6040c6554767bbc6a6"
  integrity sha512-/cbbSxtZWs1O7R4tWqabrCM/t3N8qKUZMAg9IUqpPvUs6UyRvm6pCNYkskyKN/XU0UgffW+NY2ZRr8t0AknX7g==

magic-string@^0.25.7:
  version "0.25.7"
  resolved "https://registry.yarnpkg.com/magic-string/-/magic-string-0.25.7.tgz#3f497d6fd34c669c6798dcb821f2ef31f5445051"
  integrity sha512-4CrMT5DOHTDk4HYDlzmwu4FVCcIYI8gauveasrdCu2IKIFOJ3f0v/8MDGJCDL9oD2ppz/Av1b0Nj345H9M+XIA==
  dependencies:
    sourcemap-codec "^1.4.4"

md5.js@^1.3.4:
  version "1.3.5"
  resolved "https://registry.yarnpkg.com/md5.js/-/md5.js-1.3.5.tgz#b5d07b8e3216e3e27cd728d72f70d1e6a342005f"
  integrity sha512-xitP+WxNPcTTOgnTJcrhM0xvdPepipPSf3I8EIpGKeFLjt3PlJLIDG3u8EX53ZIubkb+5U2+3rELYpEhHhzdkg==
  dependencies:
    hash-base "^3.0.0"
    inherits "^2.0.1"
    safe-buffer "^5.1.2"

ms@2.0.0:
  version "2.0.0"
  resolved "https://registry.yarnpkg.com/ms/-/ms-2.0.0.tgz#5608aeadfc00be6c2901df5f9861788de0d597c8"
  integrity sha1-VgiurfwAvmwpAd9fmGF4jeDVl8g=

nanoassert@^1.0.0:
  version "1.1.0"
  resolved "https://registry.yarnpkg.com/nanoassert/-/nanoassert-1.1.0.tgz#4f3152e09540fde28c76f44b19bbcd1d5a42478d"
  integrity sha1-TzFS4JVA/eKMdvRLGbvNHVpCR40=

nanoid@^3.1.28:
  version "3.1.30"
  resolved "https://registry.yarnpkg.com/nanoid/-/nanoid-3.1.30.tgz#63f93cc548d2a113dc5dfbc63bfa09e2b9b64362"
  integrity sha512-zJpuPDwOv8D2zq2WRoMe1HsfZthVewpel9CAvTfc/2mBD1uUT/agc5f7GHGWXlYkFvi1mVxe4IjvP2HNrop7nQ==

net@^1.0.2:
  version "1.0.2"
  resolved "https://registry.yarnpkg.com/net/-/net-1.0.2.tgz#d1757ec9a7fb2371d83cf4755ce3e27e10829388"
  integrity sha1-0XV+yaf7I3HYPPR1XOPifhCCk4g=

next-tick@~1.0.0:
  version "1.0.0"
  resolved "https://registry.yarnpkg.com/next-tick/-/next-tick-1.0.0.tgz#ca86d1fe8828169b0120208e3dc8424b9db8342c"
  integrity sha1-yobR/ogoFpsBICCOPchCS524NCw=

node-fetch@2.6.1:
  version "2.6.1"
  resolved "https://registry.yarnpkg.com/node-fetch/-/node-fetch-2.6.1.tgz#045bd323631f76ed2e2b55573394416b639a0052"
  integrity sha512-V4aYg89jEoVRxRb2fJdAg8FHvI7cEyYdVAh94HH0UIK8oJxUfkjlDQN9RbMx+bEjP7+ggMiFRprSti032Oipxw==

node-gyp-build@^4.3.0:
  version "4.3.0"
  resolved "https://registry.yarnpkg.com/node-gyp-build/-/node-gyp-build-4.3.0.tgz#9f256b03e5826150be39c764bf51e993946d71a3"
  integrity sha512-iWjXZvmboq0ja1pUGULQBexmxq8CV4xBhX7VDOTbL7ZR4FOowwY/VOtRxBN/yKxmdGoIp4j5ysNT4u3S2pDQ3Q==

object-inspect@^1.9.0:
  version "1.11.0"
  resolved "https://registry.yarnpkg.com/object-inspect/-/object-inspect-1.11.0.tgz#9dceb146cedd4148a0d9e51ab88d34cf509922b1"
  integrity sha512-jp7ikS6Sd3GxQfZJPyH3cjcbJF6GZPClgdV+EFygjFLQ5FmW/dRUnTd9PQ9k0JhoNDabWFbpF1yCdSWCC6gexg==

path-parse@^1.0.6:
  version "1.0.7"
  resolved "https://registry.yarnpkg.com/path-parse/-/path-parse-1.0.7.tgz#fbc114b60ca42b30d9daf5858e4bd68bbedb6735"
  integrity sha512-LDJzPVEEEPR+y48z93A0Ed0yXb8pAByGWo/k5YYdYgpY2/2EsOsksJrq7lOHxryrVOn1ejG6oAp8ahvOIQD8sw==

pbkdf2@^3.0.9:
  version "3.1.2"
  resolved "https://registry.yarnpkg.com/pbkdf2/-/pbkdf2-3.1.2.tgz#dd822aa0887580e52f1a039dc3eda108efae3075"
  integrity sha512-iuh7L6jA7JEGu2WxDwtQP1ddOpaJNC4KlDEFfdQajSGgGPNi4OyDc2R7QnbY2bR9QjBVGwgvTdNJZoE7RaxUMA==
  dependencies:
    create-hash "^1.1.2"
    create-hmac "^1.1.4"
    ripemd160 "^2.0.1"
    safe-buffer "^5.0.1"
    sha.js "^2.4.8"

picocolors@^0.2.1:
  version "0.2.1"
  resolved "https://registry.yarnpkg.com/picocolors/-/picocolors-0.2.1.tgz#570670f793646851d1ba135996962abad587859f"
  integrity sha512-cMlDqaLEqfSaW8Z7N5Jw+lyIW869EzT73/F5lhtY9cLGoVxSXznfgfXMO0Z5K0o0Q2TkTXq+0KFsdnSe3jDViA==

postcss@^8.1.10, postcss@^8.3.8:
  version "8.3.9"
  resolved "https://registry.yarnpkg.com/postcss/-/postcss-8.3.9.tgz#98754caa06c4ee9eb59cc48bd073bb6bd3437c31"
  integrity sha512-f/ZFyAKh9Dnqytx5X62jgjhhzttjZS7hMsohcI7HEI5tjELX/HxCy3EFhsRxyzGvrzFF+82XPvCS8T9TFleVJw==
  dependencies:
    nanoid "^3.1.28"
    picocolors "^0.2.1"
    source-map-js "^0.6.2"

pure-uuid@^1.5.3:
  version "1.6.2"
  resolved "https://registry.yarnpkg.com/pure-uuid/-/pure-uuid-1.6.2.tgz#64f3032d54953b93b0585be3263a2629f1d60a04"
  integrity sha512-WQ4xz74ApW6s0BToRuuyuMo9g0VHx1HljY0H2gPng+mqqz/K1yLj7sHZonZZQ2++WfHl/ZzruilWvuz+WtmxjQ==

qrcode.vue@^3.3.2:
  version "3.3.2"
  resolved "https://registry.yarnpkg.com/qrcode.vue/-/qrcode.vue-3.3.2.tgz#eba36b1abd0acd83425fa3cb3738dda17feb547d"
  integrity sha512-XnF78pPxx32mOR3ySA4zLlJ22BfBP6h7cDuE+VhPF1vnETN5D2YvR4FkzQ8eU2HkjSjfNREmCVZ5OJjmDQzuAA==

qs@^6.6.0:
  version "6.10.1"
  resolved "https://registry.yarnpkg.com/qs/-/qs-6.10.1.tgz#4931482fa8d647a5aab799c5271d2133b981fb6a"
  integrity sha512-M528Hph6wsSVOBiYUnGf+K/7w0hNshs/duGsNXPUCLH5XAqjEtiPGwNONLV0tBH8NoGb0mvD5JubnUTrujKDTg==
  dependencies:
    side-channel "^1.0.4"

randombytes@^2.0.1:
  version "2.1.0"
  resolved "https://registry.yarnpkg.com/randombytes/-/randombytes-2.1.0.tgz#df6f84372f0270dc65cdf6291349ab7a473d4f2a"
  integrity sha512-vYl3iOX+4CKUWuxGi9Ukhie6fsqXqS9FE2Zaic4tNFD2N2QQaXOMFbuKK4QmDHC0JO6B1Zp41J0LpT0oR68amQ==
  dependencies:
    safe-buffer "^5.1.0"

readable-stream@^3.6.0:
  version "3.6.0"
  resolved "https://registry.yarnpkg.com/readable-stream/-/readable-stream-3.6.0.tgz#337bbda3adc0706bd3e024426a286d4b4b2c9198"
  integrity sha512-BViHy7LKeTz4oNnkcLJ+lVSL6vpiFeX6/d3oSH8zCW7UxP2onchk+vTGB143xuFjHS3deTgkKoXXymXqymiIdA==
  dependencies:
    inherits "^2.0.3"
    string_decoder "^1.1.1"
    util-deprecate "^1.0.1"

resolve@^1.20.0:
  version "1.20.0"
  resolved "https://registry.yarnpkg.com/resolve/-/resolve-1.20.0.tgz#629a013fb3f70755d6f0b7935cc1c2c5378b1975"
  integrity sha512-wENBPt4ySzg4ybFQW2TT1zMQucPK95HSh/nq2CFTZVOGut2+pQvSsgtda4d26YrYcr067wjbmzOG8byDPBX63A==
  dependencies:
    is-core-module "^2.2.0"
    path-parse "^1.0.6"

ripemd160@^2.0.0, ripemd160@^2.0.1:
  version "2.0.2"
  resolved "https://registry.yarnpkg.com/ripemd160/-/ripemd160-2.0.2.tgz#a1c1a6f624751577ba5d07914cbc92850585890c"
  integrity sha512-ii4iagi25WusVoiC4B4lq7pbXfAp3D9v5CwfkY33vffw2+pkDjY1D8GaN7spsxvCSx8dkPqOZCEZyfxcmJG2IA==
  dependencies:
    hash-base "^3.0.0"
    inherits "^2.0.1"

rollup@^2.57.0:
  version "2.58.0"
  resolved "https://registry.yarnpkg.com/rollup/-/rollup-2.58.0.tgz#a643983365e7bf7f5b7c62a8331b983b7c4c67fb"
  integrity sha512-NOXpusKnaRpbS7ZVSzcEXqxcLDOagN6iFS8p45RkoiMqPHDLwJm758UF05KlMoCRbLBTZsPOIa887gZJ1AiXvw==
  optionalDependencies:
    fsevents "~2.3.2"

safe-buffer@^5.0.1, safe-buffer@^5.1.0, safe-buffer@^5.1.1, safe-buffer@^5.1.2, safe-buffer@^5.2.0, safe-buffer@~5.2.0:
  version "5.2.1"
  resolved "https://registry.yarnpkg.com/safe-buffer/-/safe-buffer-5.2.1.tgz#1eaf9fa9bdb1fdd4ec75f58f9cdb4e6b7827eec6"
  integrity sha512-rp3So07KcdmmKbGvgaNxQSJr7bGVSVk5S9Eq1F+ppbRo70+YeaDxkw5Dd8NPN+GD6bjnYm2VuPuCXmpuYvmCXQ==

scryptsy@^2.0.0:
  version "2.1.0"
  resolved "https://registry.yarnpkg.com/scryptsy/-/scryptsy-2.1.0.tgz#8d1e8d0c025b58fdd25b6fa9a0dc905ee8faa790"
  integrity sha512-1CdSqHQowJBnMAFyPEBRfqag/YP9OF394FV+4YREIJX4ljD7OxvQRDayyoyyCk+senRjSkP6VnUNQmVQqB6g7w==

sha.js@^2.4.0, sha.js@^2.4.8:
  version "2.4.11"
  resolved "https://registry.yarnpkg.com/sha.js/-/sha.js-2.4.11.tgz#37a5cf0b81ecbc6943de109ba2960d1b26584ae7"
  integrity sha512-QMEp5B7cftE7APOjk5Y6xgrbWu+WkLVQwk8JNjZ8nKRciZaByEW6MubieAiToS7+dwvrjGhH8jRXz3MVd0AYqQ==
  dependencies:
    inherits "^2.0.1"
    safe-buffer "^5.0.1"

side-channel@^1.0.4:
  version "1.0.4"
  resolved "https://registry.yarnpkg.com/side-channel/-/side-channel-1.0.4.tgz#efce5c8fdc104ee751b25c58d4290011fa5ea2cf"
  integrity sha512-q5XPytqFEIKHkGdiMIrY10mvLRvnQh42/+GoBlFW3b2LXLE2xxJpZFdm94we0BaoV3RwJyGqg5wS7epxTv0Zvw==
  dependencies:
    call-bind "^1.0.0"
    get-intrinsic "^1.0.2"
    object-inspect "^1.9.0"

source-map-js@^0.6.2:
  version "0.6.2"
  resolved "https://registry.yarnpkg.com/source-map-js/-/source-map-js-0.6.2.tgz#0bb5de631b41cfbda6cfba8bd05a80efdfd2385e"
  integrity sha512-/3GptzWzu0+0MBQFrDKzw/DvvMTUORvgY6k6jd/VS6iCR4RDTKWH6v6WPwQoUO8667uQEf9Oe38DxAYWY5F/Ug==

source-map@^0.6.1:
  version "0.6.1"
  resolved "https://registry.yarnpkg.com/source-map/-/source-map-0.6.1.tgz#74722af32e9614e9c287a8d0bbde48b5e2f1a263"
  integrity sha512-UjgapumWlbMhkBgzT7Ykc5YXUT46F0iKu8SGXq0bcwP5dz/h0Plj6enJqjz1Zbq2l5WaqYnrVbwWOWMyF3F47g==

sourcemap-codec@^1.4.4:
  version "1.4.8"
  resolved "https://registry.yarnpkg.com/sourcemap-codec/-/sourcemap-codec-1.4.8.tgz#ea804bd94857402e6992d05a38ef1ae35a9ab4c4"
  integrity sha512-9NykojV5Uih4lgo5So5dtw+f0JgJX30KCNI8gwhz2J9A15wD0Ml6tjHKwf6fTSa6fAdVBdZeNOs9eJ71qCk8vA==

string_decoder@^1.1.1:
  version "1.3.0"
  resolved "https://registry.yarnpkg.com/string_decoder/-/string_decoder-1.3.0.tgz#42f114594a46cf1a8e30b0a84f56c78c3edac21e"
  integrity sha512-hkRX8U1WjJFd8LsDJ2yQ/wWWxaopEsABU1XfkM8A+j0+85JAGppt16cr1Whg6KIbb4okU6Mql6BOj+uup/wKeA==
  dependencies:
    safe-buffer "~5.2.0"

type@^1.0.1:
  version "1.2.0"
  resolved "https://registry.yarnpkg.com/type/-/type-1.2.0.tgz#848dd7698dafa3e54a6c479e759c4bc3f18847a0"
  integrity sha512-+5nt5AAniqsCnu2cEQQdpzCAh33kVx8n0VoFidKpB1dVVLAN/F+bgVOqOJqOnEnrhp222clB5p3vUlD+1QAnfg==

type@^2.5.0:
  version "2.5.0"
  resolved "https://registry.yarnpkg.com/type/-/type-2.5.0.tgz#0a2e78c2e77907b252abe5f298c1b01c63f0db3d"
  integrity sha512-180WMDQaIMm3+7hGXWf12GtdniDEy7nYcyFMKJn/eZz/6tSLXrUN9V0wKSbMjej0I1WHWbpREDEKHtqPQa9NNw==

typedarray-to-buffer@^3.1.5:
  version "3.1.5"
  resolved "https://registry.yarnpkg.com/typedarray-to-buffer/-/typedarray-to-buffer-3.1.5.tgz#a97ee7a9ff42691b9f783ff1bc5112fe3fca9080"
  integrity sha512-zdu8XMNEDepKKR+XYOXAVPtWui0ly0NtohUscw+UmaHiAWT8hrV1rr//H6V+0DvJ3OQ19S979M0laLfX8rm82Q==
  dependencies:
    is-typedarray "^1.0.0"

unorm@^1.3.3:
  version "1.6.0"
  resolved "https://registry.yarnpkg.com/unorm/-/unorm-1.6.0.tgz#029b289661fba714f1a9af439eb51d9b16c205af"
  integrity sha512-b2/KCUlYZUeA7JFUuRJZPUtr4gZvBh7tavtv4fvk4+KV9pfGiR6CQAQAWl49ZpR3ts2dk4FYkP7EIgDJoiOLDA==

utf-8-validate@^5.0.2:
  version "5.0.7"
  resolved "https://registry.yarnpkg.com/utf-8-validate/-/utf-8-validate-5.0.7.tgz#c15a19a6af1f7ad9ec7ddc425747ca28c3644922"
  integrity sha512-vLt1O5Pp+flcArHGIyKEQq883nBt8nN8tVBcoL0qUXj2XT1n7p70yGIq2VK98I5FdZ1YHc0wk/koOnHjnXWk1Q==
  dependencies:
    node-gyp-build "^4.3.0"

util-deprecate@^1.0.1:
  version "1.0.2"
  resolved "https://registry.yarnpkg.com/util-deprecate/-/util-deprecate-1.0.2.tgz#450d4dc9fa70de732762fbd2d4a28981419a0ccf"
  integrity sha1-RQ1Nyfpw3nMnYvvS1KKJgUGaDM8=

vite@^2.6.7:
  version "2.6.7"
  resolved "https://registry.yarnpkg.com/vite/-/vite-2.6.7.tgz#e15c1d8327950720b5d7c4ec3fb36a5a58ccf7cb"
  integrity sha512-ewk//jve9k6vlU8PfJmWUHN8k0YYdw4VaKOMvoQ3nT2Pb6k5OSMKQi4jPOzVH/TlUqMsCrq7IJ80xcuDDVyigg==
  dependencies:
    esbuild "^0.13.2"
    postcss "^8.3.8"
    resolve "^1.20.0"
    rollup "^2.57.0"
  optionalDependencies:
    fsevents "~2.3.2"

vue@^3.2.16:
  version "3.2.20"
  resolved "https://registry.yarnpkg.com/vue/-/vue-3.2.20.tgz#940f8aa8bf3e3be78243ca582bad41fcd45ae3e6"
  integrity sha512-81JjEP4OGk9oO8+CU0h2nFPGgJBm9mNa3kdCX2k6FuRdrWrC+CNe+tOnuIeTg8EWwQuI+wwdra5Q7vSzp7p4Iw==
  dependencies:
    "@vue/compiler-dom" "3.2.20"
    "@vue/compiler-sfc" "3.2.20"
    "@vue/runtime-dom" "3.2.20"
    "@vue/server-renderer" "3.2.20"
    "@vue/shared" "3.2.20"

websocket@^1.0.26, websocket@^1.0.34:
  version "1.0.34"
  resolved "https://registry.yarnpkg.com/websocket/-/websocket-1.0.34.tgz#2bdc2602c08bf2c82253b730655c0ef7dcab3111"
  integrity sha512-PRDso2sGwF6kM75QykIesBijKSVceR6jL2G8NGYyq2XrItNC2P5/qL5XeR056GhA+Ly7JMFvJb9I312mJfmqnQ==
  dependencies:
    bufferutil "^4.0.1"
    debug "^2.2.0"
    es5-ext "^0.10.50"
    typedarray-to-buffer "^3.1.5"
    utf-8-validate "^5.0.2"
    yaeti "^0.0.6"

xhr2@^0.2.0:
  version "0.2.1"
  resolved "https://registry.yarnpkg.com/xhr2/-/xhr2-0.2.1.tgz#4e73adc4f9cfec9cbd2157f73efdce3a5f108a93"
  integrity sha512-sID0rrVCqkVNUn8t6xuv9+6FViXjUVXq8H5rWOH2rz9fDNQEd4g0EA2XlcEdJXRz5BMEn4O1pJFdT+z4YHhoWw==

yaeti@^0.0.6:
  version "0.0.6"
  resolved "https://registry.yarnpkg.com/yaeti/-/yaeti-0.0.6.tgz#f26f484d72684cf42bedfb76970aa1608fbf9577"
  integrity sha1-8m9ITXJoTPQr7ft2lwqhYI+/lXc=
